
Microsoft Visual Studio Solution File, Format Version 12.00
# Visual Studio Version 16
VisualStudioVersion = 16.0.30907.101
MinimumVisualStudioVersion = 10.0.40219.1
Project("{FAE04EC0-301F-11D3-BF4B-00C04F79EFBC}") = "OOP1", "OOP1\OOP1.csproj", "{639ACA57-97E9-4E74-8ABA-211A42A1B7CB}"
EndProject
Global
	GlobalSection(SolutionConfigurationPlatforms) = preSolution
		Debug|Any CPU = Debug|Any CPU
		Release|Any CPU = Release|Any CPU
	EndGlobalSection
	GlobalSection(ProjectConfigurationPlatforms) = postSolution
		{639ACA57-97E9-4E74-8ABA-211A42A1B7CB}.Debug|Any CPU.ActiveCfg = Debug|Any CPU
		{639ACA57-97E9-4E74-8ABA-211A42A1B7CB}.Debug|Any CPU.Build.0 = Debug|Any CPU
		{639ACA57-97E9-4E74-8ABA-211A42A1B7CB}.Release|Any CPU.ActiveCfg = Release|Any CPU
		{639ACA57-97E9-4E74-8ABA-211A42A1B7CB}.Release|Any CPU.Build.0 = Release|Any CPU
	EndGlobalSection
	GlobalSection(SolutionProperties) = preSolution
		HideSolutionNode = FALSE
	EndGlobalSection
	GlobalSection(ExtensibilityGlobals) = postSolution
		SolutionGuid = {49E25CB8-E029-4C08-B615-E2DAAD684C74}
	EndGlobalSection
EndGlobal
